
Microsoft Visual Studio Solution File, Format Version 12.00
# Visual Studio 15
VisualStudioVersion = 15.0.27130.2036
MinimumVisualStudioVersion = 10.0.40219.1
Project("{FAE04EC0-301F-11D3-BF4B-00C04F79EFBC}") = "Modelos", "Modelos\Modelos.csproj", "{CCB70792-7928-4B13-B248-F3D54824E9C0}"
EndProject
Project("{FAE04EC0-301F-11D3-BF4B-00C04F79EFBC}") = "ConsoleView", "ConsoleView\ConsoleView.csproj", "{566E6745-3705-49D5-89BD-E145E00F4D4E}"
EndProject
Project("{FAE04EC0-301F-11D3-BF4B-00C04F79EFBC}") = "Controllers", "Controllers\Controllers.csproj", "{81C389EF-543B-458B-8758-D2D01729FAA7}"
EndProject
Project("{FAE04EC0-301F-11D3-BF4B-00C04F79EFBC}") = "WpfView", "WpfView\WpfView.csproj", "{4B4663F2-505A-43D0-9F02-5F5D34541FEE}"
EndProject
Global
	GlobalSection(SolutionConfigurationPlatforms) = preSolution
		Debug|Any CPU = Debug|Any CPU
		Release|Any CPU = Release|Any CPU
	EndGlobalSection
	GlobalSection(ProjectConfigurationPlatforms) = postSolution
		{CCB70792-7928-4B13-B248-F3D54824E9C0}.Debug|Any CPU.ActiveCfg = Debug|Any CPU
		{CCB70792-7928-4B13-B248-F3D54824E9C0}.Debug|Any CPU.Build.0 = Debug|Any CPU
		{CCB70792-7928-4B13-B248-F3D54824E9C0}.Release|Any CPU.ActiveCfg = Release|Any CPU
		{CCB70792-7928-4B13-B248-F3D54824E9C0}.Release|Any CPU.Build.0 = Release|Any CPU
		{566E6745-3705-49D5-89BD-E145E00F4D4E}.Debug|Any CPU.ActiveCfg = Debug|Any CPU
		{566E6745-3705-49D5-89BD-E145E00F4D4E}.Debug|Any CPU.Build.0 = Debug|Any CPU
		{566E6745-3705-49D5-89BD-E145E00F4D4E}.Release|Any CPU.ActiveCfg = Release|Any CPU
		{566E6745-3705-49D5-89BD-E145E00F4D4E}.Release|Any CPU.Build.0 = Release|Any CPU
		{81C389EF-543B-458B-8758-D2D01729FAA7}.Debug|Any CPU.ActiveCfg = Debug|Any CPU
		{81C389EF-543B-458B-8758-D2D01729FAA7}.Debug|Any CPU.Build.0 = Debug|Any CPU
		{81C389EF-543B-458B-8758-D2D01729FAA7}.Release|Any CPU.ActiveCfg = Release|Any CPU
		{81C389EF-543B-458B-8758-D2D01729FAA7}.Release|Any CPU.Build.0 = Release|Any CPU
		{4B4663F2-505A-43D0-9F02-5F5D34541FEE}.Debug|Any CPU.ActiveCfg = Debug|Any CPU
		{4B4663F2-505A-43D0-9F02-5F5D34541FEE}.Debug|Any CPU.Build.0 = Debug|Any CPU
		{4B4663F2-505A-43D0-9F02-5F5D34541FEE}.Release|Any CPU.ActiveCfg = Release|Any CPU
		{4B4663F2-505A-43D0-9F02-5F5D34541FEE}.Release|Any CPU.Build.0 = Release|Any CPU
	EndGlobalSection
	GlobalSection(SolutionProperties) = preSolution
		HideSolutionNode = FALSE
	EndGlobalSection
	GlobalSection(ExtensibilityGlobals) = postSolution
		SolutionGuid = {F391193B-AB56-48C4-A7C4-9BD44AE5F589}
	EndGlobalSection
EndGlobal
